
Microsoft Visual Studio Solution File, Format Version 12.00
Project("{FAE04EC0-301F-11D3-BF4B-00C04F79EFBC}") = "BenchmarkExperiment", "BenchmarkExperiment\BenchmarkExperiment.csproj", "{DE800390-1996-4384-A4D4-07AF53C77A24}"
EndProject
Global
	GlobalSection(SolutionConfigurationPlatforms) = preSolution
		Debug|Any CPU = Debug|Any CPU
		Release|Any CPU = Release|Any CPU
	EndGlobalSection
	GlobalSection(ProjectConfigurationPlatforms) = postSolution
		{DE800390-1996-4384-A4D4-07AF53C77A24}.Debug|Any CPU.ActiveCfg = Debug|Any CPU
		{DE800390-1996-4384-A4D4-07AF53C77A24}.Debug|Any CPU.Build.0 = Debug|Any CPU
		{DE800390-1996-4384-A4D4-07AF53C77A24}.Release|Any CPU.ActiveCfg = Release|Any CPU
		{DE800390-1996-4384-A4D4-07AF53C77A24}.Release|Any CPU.Build.0 = Release|Any CPU
	EndGlobalSection
EndGlobal
